{
  "name": "shuruweb",
  "version": "1.0.0",
  "lockfileVersion": 2,
  "requires": true,
  "packages": {
    "": {
      "name": "shuruweb",
      "version": "1.0.0",
      "license": "ISC",
      "dependencies": {
        "luxy.js": "^0.1.0",
        "smooth-scrollbar": "^8.7.5"
      }
    },
    "node_modules/core-js": {
      "version": "3.24.1",
      "resolved": "https://registry.npmjs.org/core-js/-/core-js-3.24.1.tgz",
      "integrity": "sha512-0QTBSYSUZ6Gq21utGzkfITDylE8jWC9Ne1D2MrhvlsZBI1x39OdDIVbzSqtgMndIy6BlHxBXpMGqzZmnztg2rg==",
      "hasInstallScript": true,
      "funding": {
        "type": "opencollective",
        "url": "https://opencollective.com/core-js"
      }
    },
    "node_modules/lodash-es": {
      "version": "4.17.21",
      "resolved": "https://registry.npmjs.org/lodash-es/-/lodash-es-4.17.21.tgz",
      "integrity": "sha512-mKnC+QJ9pWVzv+C4/U3rRsHapFfHvQFoFB92e52xeyGMcX6/OlIl78je1u8vePzYZSkkogMPJ2yjxxsb89cxyw=="
    },
    "node_modules/luxy.js": {
      "version": "0.1.0",
      "resolved": "https://registry.npmjs.org/luxy.js/-/luxy.js-0.1.0.tgz",
      "integrity": "sha512-G26qu+HjBbZKyIRsgQVxR1dxw7mJ4g7ckqJ/0u8p6og1Lnp7w1rwdaw4jjoAb0UQZGoIzTvU+CGEbCNmJXvyQw=="
    },
    "node_modules/smooth-scrollbar": {
      "version": "8.7.5",
      "resolved": "https://registry.npmjs.org/smooth-scrollbar/-/smooth-scrollbar-8.7.5.tgz",
      "integrity": "sha512-eH3SdXfZQLscgAl5dRZ+L24ALffXkPLuB9us03Kaf/kJO0JfYtsZ398WD36139Sv4GYIQQHgzYPCkQpeV0tJAQ==",
      "dependencies": {
        "core-js": "^3.6.4",
        "lodash-es": "^4.17.21",
        "tslib": "^1.10.0"
      }
    },
    "node_modules/tslib": {
      "version": "1.14.1",
      "resolved": "https://registry.npmjs.org/tslib/-/tslib-1.14.1.tgz",
      "integrity": "sha512-Xni35NKzjgMrwevysHTCArtLDpPvye8zV/0E4EyYn43P7/7qvQwPh9BGkHewbMulVntbigmcT7rdX3BNo9wRJg=="
    }
  },
  "dependencies": {
    "core-js": {
      "version": "3.24.1",
      "resolved": "https://registry.npmjs.org/core-js/-/core-js-3.24.1.tgz",
      "integrity": "sha512-0QTBSYSUZ6Gq21utGzkfITDylE8jWC9Ne1D2MrhvlsZBI1x39OdDIVbzSqtgMndIy6BlHxBXpMGqzZmnztg2rg=="
    },
    "lodash-es": {
      "version": "4.17.21",
      "resolved": "https://registry.npmjs.org/lodash-es/-/lodash-es-4.17.21.tgz",
      "integrity": "sha512-mKnC+QJ9pWVzv+C4/U3rRsHapFfHvQFoFB92e52xeyGMcX6/OlIl78je1u8vePzYZSkkogMPJ2yjxxsb89cxyw=="
    },
    "luxy.js": {
      "version": "0.1.0",
      "resolved": "https://registry.npmjs.org/luxy.js/-/luxy.js-0.1.0.tgz",
      "integrity": "sha512-G26qu+HjBbZKyIRsgQVxR1dxw7mJ4g7ckqJ/0u8p6og1Lnp7w1rwdaw4jjoAb0UQZGoIzTvU+CGEbCNmJXvyQw=="
    },
    "smooth-scrollbar": {
      "version": "8.7.5",
      "resolved": "https://registry.npmjs.org/smooth-scrollbar/-/smooth-scrollbar-8.7.5.tgz",
      "integrity": "sha512-eH3SdXfZQLscgAl5dRZ+L24ALffXkPLuB9us03Kaf/kJO0JfYtsZ398WD36139Sv4GYIQQHgzYPCkQpeV0tJAQ==",
      "requires": {
        "core-js": "^3.6.4",
        "lodash-es": "^4.17.21",
        "tslib": "^1.10.0"
      }
    },
    "tslib": {
      "version": "1.14.1",
      "resolved": "https://registry.npmjs.org/tslib/-/tslib-1.14.1.tgz",
      "integrity": "sha512-Xni35NKzjgMrwevysHTCArtLDpPvye8zV/0E4EyYn43P7/7qvQwPh9BGkHewbMulVntbigmcT7rdX3BNo9wRJg=="
    }
  }
}
